
Microsoft Visual Studio Solution File, Format Version 12.00
# Visual Studio Version 16
VisualStudioVersion = 16.0.30717.126
MinimumVisualStudioVersion = 10.0.40219.1
Project("{9A19103F-16F7-4668-BE54-9A1E7A4F7556}") = "TestingTask.API", "TestingTask\TestingTask.API.csproj", "{02533CC8-9377-46DE-B8E2-5D92B2DAB3F8}"
EndProject
Project("{2150E333-8FDC-42A3-9474-1A3956D46DE8}") = "src", "src", "{94623DEF-BBFB-416F-8430-C729BD331103}"
EndProject
Project("{9A19103F-16F7-4668-BE54-9A1E7A4F7556}") = "TestingTask.Application", "TestingTask.Application\TestingTask.Application.csproj", "{1AD57683-D791-4D06-AE69-F5C5E0140A26}"
EndProject
Project("{9A19103F-16F7-4668-BE54-9A1E7A4F7556}") = "TestingTask.Domain", "TestingTask.Domain\TestingTask.Domain.csproj", "{1D6BBBF3-BFA1-4B0C-B068-75418B35C973}"
EndProject
Project("{9A19103F-16F7-4668-BE54-9A1E7A4F7556}") = "TestingTask.Infrastructure", "TestingTask.Infrastructure\TestingTask.Infrastructure.csproj", "{D09F2AA1-A72F-4D30-9F1D-63F3F5AC75C8}"
EndProject
Project("{9A19103F-16F7-4668-BE54-9A1E7A4F7556}") = "TestingTask.Common", "TestingTask.Common\TestingTask.Common.csproj", "{636F9792-BBA6-4D0B-9BB5-EFE208F7AED6}"
EndProject
Project("{2150E333-8FDC-42A3-9474-1A3956D46DE8}") = "DesignPatterns", "DesignPatterns", "{CB109532-F6EE-4747-A033-400506599E21}"
EndProject
Project("{9A19103F-16F7-4668-BE54-9A1E7A4F7556}") = "SingletonPattern", "SingletonPattern\SingletonPattern.csproj", "{CAFDA9DE-ED84-4E1A-BBF5-9F460AA4AD59}"
EndProject
Project("{2150E333-8FDC-42A3-9474-1A3956D46DE8}") = "razor", "razor", "{2F498F7F-51F3-4CBE-8B87-2ADBB8092F7D}"
EndProject
Project("{FAE04EC0-301F-11D3-BF4B-00C04F79EFBC}") = "RazorPagesMovie", "RazorPagesMovie\RazorPagesMovie.csproj", "{0AE4D722-FB51-4310-8C8B-0F3E35AFD807}"
EndProject
Global
	GlobalSection(SolutionConfigurationPlatforms) = preSolution
		Debug|Any CPU = Debug|Any CPU
		Release|Any CPU = Release|Any CPU
	EndGlobalSection
	GlobalSection(ProjectConfigurationPlatforms) = postSolution
		{02533CC8-9377-46DE-B8E2-5D92B2DAB3F8}.Debug|Any CPU.ActiveCfg = Debug|Any CPU
		{02533CC8-9377-46DE-B8E2-5D92B2DAB3F8}.Debug|Any CPU.Build.0 = Debug|Any CPU
		{02533CC8-9377-46DE-B8E2-5D92B2DAB3F8}.Release|Any CPU.ActiveCfg = Release|Any CPU
		{02533CC8-9377-46DE-B8E2-5D92B2DAB3F8}.Release|Any CPU.Build.0 = Release|Any CPU
		{1AD57683-D791-4D06-AE69-F5C5E0140A26}.Debug|Any CPU.ActiveCfg = Debug|Any CPU
		{1AD57683-D791-4D06-AE69-F5C5E0140A26}.Debug|Any CPU.Build.0 = Debug|Any CPU
		{1AD57683-D791-4D06-AE69-F5C5E0140A26}.Release|Any CPU.ActiveCfg = Release|Any CPU
		{1AD57683-D791-4D06-AE69-F5C5E0140A26}.Release|Any CPU.Build.0 = Release|Any CPU
		{1D6BBBF3-BFA1-4B0C-B068-75418B35C973}.Debug|Any CPU.ActiveCfg = Debug|Any CPU
		{1D6BBBF3-BFA1-4B0C-B068-75418B35C973}.Debug|Any CPU.Build.0 = Debug|Any CPU
		{1D6BBBF3-BFA1-4B0C-B068-75418B35C973}.Release|Any CPU.ActiveCfg = Release|Any CPU
		{1D6BBBF3-BFA1-4B0C-B068-75418B35C973}.Release|Any CPU.Build.0 = Release|Any CPU
		{D09F2AA1-A72F-4D30-9F1D-63F3F5AC75C8}.Debug|Any CPU.ActiveCfg = Debug|Any CPU
		{D09F2AA1-A72F-4D30-9F1D-63F3F5AC75C8}.Debug|Any CPU.Build.0 = Debug|Any CPU
		{D09F2AA1-A72F-4D30-9F1D-63F3F5AC75C8}.Release|Any CPU.ActiveCfg = Release|Any CPU
		{D09F2AA1-A72F-4D30-9F1D-63F3F5AC75C8}.Release|Any CPU.Build.0 = Release|Any CPU
		{636F9792-BBA6-4D0B-9BB5-EFE208F7AED6}.Debug|Any CPU.ActiveCfg = Debug|Any CPU
		{636F9792-BBA6-4D0B-9BB5-EFE208F7AED6}.Debug|Any CPU.Build.0 = Debug|Any CPU
		{636F9792-BBA6-4D0B-9BB5-EFE208F7AED6}.Release|Any CPU.ActiveCfg = Release|Any CPU
		{636F9792-BBA6-4D0B-9BB5-EFE208F7AED6}.Release|Any CPU.Build.0 = Release|Any CPU
		{CAFDA9DE-ED84-4E1A-BBF5-9F460AA4AD59}.Debug|Any CPU.ActiveCfg = Debug|Any CPU
		{CAFDA9DE-ED84-4E1A-BBF5-9F460AA4AD59}.Debug|Any CPU.Build.0 = Debug|Any CPU
		{CAFDA9DE-ED84-4E1A-BBF5-9F460AA4AD59}.Release|Any CPU.ActiveCfg = Release|Any CPU
		{CAFDA9DE-ED84-4E1A-BBF5-9F460AA4AD59}.Release|Any CPU.Build.0 = Release|Any CPU
		{0AE4D722-FB51-4310-8C8B-0F3E35AFD807}.Debug|Any CPU.ActiveCfg = Debug|Any CPU
		{0AE4D722-FB51-4310-8C8B-0F3E35AFD807}.Debug|Any CPU.Build.0 = Debug|Any CPU
		{0AE4D722-FB51-4310-8C8B-0F3E35AFD807}.Release|Any CPU.ActiveCfg = Release|Any CPU
		{0AE4D722-FB51-4310-8C8B-0F3E35AFD807}.Release|Any CPU.Build.0 = Release|Any CPU
	EndGlobalSection
	GlobalSection(SolutionProperties) = preSolution
		HideSolutionNode = FALSE
	EndGlobalSection
	GlobalSection(NestedProjects) = preSolution
		{02533CC8-9377-46DE-B8E2-5D92B2DAB3F8} = {94623DEF-BBFB-416F-8430-C729BD331103}
		{1AD57683-D791-4D06-AE69-F5C5E0140A26} = {94623DEF-BBFB-416F-8430-C729BD331103}
		{1D6BBBF3-BFA1-4B0C-B068-75418B35C973} = {94623DEF-BBFB-416F-8430-C729BD331103}
		{D09F2AA1-A72F-4D30-9F1D-63F3F5AC75C8} = {94623DEF-BBFB-416F-8430-C729BD331103}
		{636F9792-BBA6-4D0B-9BB5-EFE208F7AED6} = {94623DEF-BBFB-416F-8430-C729BD331103}
		{CB109532-F6EE-4747-A033-400506599E21} = {94623DEF-BBFB-416F-8430-C729BD331103}
		{CAFDA9DE-ED84-4E1A-BBF5-9F460AA4AD59} = {CB109532-F6EE-4747-A033-400506599E21}
		{0AE4D722-FB51-4310-8C8B-0F3E35AFD807} = {2F498F7F-51F3-4CBE-8B87-2ADBB8092F7D}
	EndGlobalSection
	GlobalSection(ExtensibilityGlobals) = postSolution
		SolutionGuid = {ACDFF544-057B-4C5F-9562-587D7CB95285}
	EndGlobalSection
EndGlobal
